{
  "nodes": {
    "clither-assets": {
      "flake": false,
      "locked": {
        "lastModified": 1753643922,
        "narHash": "sha256-/1MIh7Qcw2+mUX9FRsq4sUNw0RHPZ0YhaRYL7d2Knjc=",
        "owner": "thecomet",
        "repo": "clither-assets",
        "rev": "4a53eb0345fdf4baaec9facf1e3a79a37e780b7b",
        "type": "github"
      },
      "original": {
        "owner": "thecomet",
        "repo": "clither-assets",
        "type": "github"
      }
    },
    "nixpkgs": {
      "locked": {
        "lastModified": 1745742390,
        "narHash": "sha256-1rqa/XPSJqJg21BKWjzJZC7yU0l/YTVtjRi0RJmipus=",
        "owner": "nixos",
        "repo": "nixpkgs",
        "rev": "26245db0cb552047418cfcef9a25da91b222d6c7",
        "type": "github"
      },
      "original": {
        "owner": "nixos",
        "ref": "nixos-24.11",
        "repo": "nixpkgs",
        "type": "github"
      }
    },
    "root": {
      "inputs": {
        "clither-assets": "clither-assets",
        "nixpkgs": "nixpkgs",
        "settings": "settings"
      }
    },
    "settings": {
      "flake": false,
      "locked": {
        "lastModified": 0,
        "narHash": "sha256-XCt4RvlNmzQKwLetEEC7TtslzdoqPRswjVqlP0NoPzY=",
        "path": ".",
        "type": "path"
      },
      "original": {
        "path": ".",
        "type": "path"
      }
    }
  },
  "root": "root",
  "version": 7
}
