{
  "nodes": {
    "clither-assets": {
      "flake": false,
      "locked": {
        "lastModified": 1754340784,
        "narHash": "sha256-Xww5DTv8tK06v4S5TcW+wa3Fso+DiVBoA5h71aH5XvE=",
        "owner": "thecomet",
        "repo": "clither-assets",
        "rev": "13754ae4dce65c7e0f1c8963c705c80003561175",
        "type": "github"
      },
      "original": {
        "owner": "thecomet",
        "repo": "clither-assets",
        "type": "github"
      }
    },
    "nixpkgs": {
      "locked": {
        "lastModified": 1745742390,
        "narHash": "sha256-1rqa/XPSJqJg21BKWjzJZC7yU0l/YTVtjRi0RJmipus=",
        "owner": "nixos",
        "repo": "nixpkgs",
        "rev": "26245db0cb552047418cfcef9a25da91b222d6c7",
        "type": "github"
      },
      "original": {
        "owner": "nixos",
        "ref": "nixos-24.11",
        "repo": "nixpkgs",
        "type": "github"
      }
    },
    "root": {
      "inputs": {
        "clither-assets": "clither-assets",
        "nixpkgs": "nixpkgs",
        "settings": "settings"
      }
    },
    "settings": {
      "flake": false,
      "locked": {
        "lastModified": 0,
        "narHash": "sha256-XCt4RvlNmzQKwLetEEC7TtslzdoqPRswjVqlP0NoPzY=",
        "path": ".",
        "type": "path"
      },
      "original": {
        "path": ".",
        "type": "path"
      }
    }
  },
  "root": "root",
  "version": 7
}
