{
  "nodes": {
    "clither-assets": {
      "flake": false,
      "locked": {
        "lastModified": 1745880884,
        "narHash": "sha256-xVw7OHXa7xLyFulbolSgxEf2mpuREt3wVMW9w14bXG8=",
        "owner": "thecomet",
        "repo": "clither-assets",
        "rev": "767bd61ad58568221233de5dc6d8b4805f5cc15d",
        "type": "github"
      },
      "original": {
        "owner": "thecomet",
        "repo": "clither-assets",
        "type": "github"
      }
    },
    "nixpkgs": {
      "locked": {
        "lastModified": 1745742390,
        "narHash": "sha256-1rqa/XPSJqJg21BKWjzJZC7yU0l/YTVtjRi0RJmipus=",
        "owner": "nixos",
        "repo": "nixpkgs",
        "rev": "26245db0cb552047418cfcef9a25da91b222d6c7",
        "type": "github"
      },
      "original": {
        "owner": "nixos",
        "ref": "nixos-24.11",
        "repo": "nixpkgs",
        "type": "github"
      }
    },
    "root": {
      "inputs": {
        "clither-assets": "clither-assets",
        "nixpkgs": "nixpkgs"
      }
    }
  },
  "root": "root",
  "version": 7
}
